// !$*UTF8*$!
{
	archiveVersion = 1;
	classes = {
	};
	objectVersion = 77;
	objects = {

/* Begin PBXBuildFile section */
		F20412F32E44A0310068B8AE /* RouterModifier in Frameworks */ = {isa = PBXBuildFile; productRef = F20412F22E44A0310068B8AE /* RouterModifier */; };
		F2615FBE2E49016C00EBE138 /* VisualEffectView in Frameworks */ = {isa = PBXBuildFile; productRef = F2615FBD2E49016C00EBE138 /* VisualEffectView */; };
		F26160972E49192A00EBE138 /* VisualEffectView in Frameworks */ = {isa = PBXBuildFile; productRef = F26160962E49192A00EBE138 /* VisualEffectView */; };
		F2AFDFE12E4CC0D6006CEC38 /* SwiftyStoreKit in Frameworks */ = {isa = PBXBuildFile; productRef = F2AFDFE02E4CC0D6006CEC38 /* SwiftyStoreKit */; };
		F2D2D1F42E477A6F00334AC2 /* swiftgen.yml in Resources */ = {isa = PBXBuildFile; fileRef = F2D2D1F32E477A6F00334AC2 /* swiftgen.yml */; };
/* End PBXBuildFile section */

/* Begin PBXFileReference section */
		F278C3302E449B3400A351A1 /* BBW.app */ = {isa = PBXFileReference; explicitFileType = wrapper.application; includeInIndex = 0; path = BBW.app; sourceTree = BUILT_PRODUCTS_DIR; };
		F2D2D1F32E477A6F00334AC2 /* swiftgen.yml */ = {isa = PBXFileReference; lastKnownFileType = text.yaml; path = swiftgen.yml; sourceTree = "<group>"; };
/* End PBXFileReference section */

/* Begin PBXFileSystemSynchronizedBuildFileExceptionSet section */
		F20412F02E44A0290068B8AE /* Exceptions for "BBW" folder in "BBW" target */ = {
			isa = PBXFileSystemSynchronizedBuildFileExceptionSet;
			membershipExceptions = (
				RouterModifier,
			);
			target = F278C32F2E449B3400A351A1 /* BBW */;
		};
/* End PBXFileSystemSynchronizedBuildFileExceptionSet section */

/* Begin PBXFileSystemSynchronizedRootGroup section */
		F278C3322E449B3400A351A1 /* BBW */ = {
			isa = PBXFileSystemSynchronizedRootGroup;
			exceptions = (
				F20412F02E44A0290068B8AE /* Exceptions for "BBW" folder in "BBW" target */,
			);
			explicitFolders = (
				Resources/.xcassets,
			);
			path = BBW;
			sourceTree = "<group>";
		};
/* End PBXFileSystemSynchronizedRootGroup section */

/* Begin PBXFrameworksBuildPhase section */
		F278C32D2E449B3400A351A1 /* Frameworks */ = {
			isa = PBXFrameworksBuildPhase;
			buildActionMask = 2147483647;
			files = (
				F2615FBE2E49016C00EBE138 /* VisualEffectView in Frameworks */,
				F2AFDFE12E4CC0D6006CEC38 /* SwiftyStoreKit in Frameworks */,
				F26160972E49192A00EBE138 /* VisualEffectView in Frameworks */,
				F20412F32E44A0310068B8AE /* RouterModifier in Frameworks */,
			);
			runOnlyForDeploymentPostprocessing = 0;
		};
/* End PBXFrameworksBuildPhase section */

/* Begin PBXGroup section */
		F20412F12E44A0310068B8AE /* Frameworks */ = {
			isa = PBXGroup;
			children = (
			);
			name = Frameworks;
			sourceTree = "<group>";
		};
		F278C3272E449B3400A351A1 = {
			isa = PBXGroup;
			children = (
				F2D2D1F32E477A6F00334AC2 /* swiftgen.yml */,
				F278C3322E449B3400A351A1 /* BBW */,
				F20412F12E44A0310068B8AE /* Frameworks */,
				F278C3312E449B3400A351A1 /* Products */,
			);
			sourceTree = "<group>";
		};
		F278C3312E449B3400A351A1 /* Products */ = {
			isa = PBXGroup;
			children = (
				F278C3302E449B3400A351A1 /* BBW.app */,
			);
			name = Products;
			sourceTree = "<group>";
		};
/* End PBXGroup section */

/* Begin PBXNativeTarget section */
		F278C32F2E449B3400A351A1 /* BBW */ = {
			isa = PBXNativeTarget;
			buildConfigurationList = F278C33B2E449B3800A351A1 /* Build configuration list for PBXNativeTarget "BBW" */;
			buildPhases = (
				F278C32C2E449B3400A351A1 /* Sources */,
				F278C32D2E449B3400A351A1 /* Frameworks */,
				F278C32E2E449B3400A351A1 /* Resources */,
				F2D2D1FA2E477EAE00334AC2 /* ShellScript */,
			);
			buildRules = (
			);
			dependencies = (
			);
			fileSystemSynchronizedGroups = (
				F278C3322E449B3400A351A1 /* BBW */,
			);
			name = BBW;
			packageProductDependencies = (
				F20412F22E44A0310068B8AE /* RouterModifier */,
				F2615FBD2E49016C00EBE138 /* VisualEffectView */,
				F26160962E49192A00EBE138 /* VisualEffectView */,
				F2AFDFE02E4CC0D6006CEC38 /* SwiftyStoreKit */,
			);
			productName = BBW;
			productReference = F278C3302E449B3400A351A1 /* BBW.app */;
			productType = "com.apple.product-type.application";
		};
/* End PBXNativeTarget section */

/* Begin PBXProject section */
		F278C3282E449B3400A351A1 /* Project object */ = {
			isa = PBXProject;
			attributes = {
				BuildIndependentTargetsInParallel = 1;
				LastSwiftUpdateCheck = 1640;
				LastUpgradeCheck = 1640;
				TargetAttributes = {
					F278C32F2E449B3400A351A1 = {
						CreatedOnToolsVersion = 16.4;
					};
				};
			};
			buildConfigurationList = F278C32B2E449B3400A351A1 /* Build configuration list for PBXProject "BBW" */;
			developmentRegion = en;
			hasScannedForEncodings = 0;
			knownRegions = (
				en,
				Base,
				de,
				ar,
				"zh-Hans",
				ja,
				es,
				it,
				"fr-CA",
				ko,
				"zh-Hant",
				fr,
				"pt-PT",
			);
			mainGroup = F278C3272E449B3400A351A1;
			minimizedProjectReferenceProxies = 1;
			packageReferences = (
				F26160952E49192A00EBE138 /* XCRemoteSwiftPackageReference "VisualEffectView" */,
				F2AFDFDF2E4CC0D6006CEC38 /* XCRemoteSwiftPackageReference "SwiftyStoreKit" */,
			);
			preferredProjectObjectVersion = 77;
			productRefGroup = F278C3312E449B3400A351A1 /* Products */;
			projectDirPath = "";
			projectRoot = "";
			targets = (
				F278C32F2E449B3400A351A1 /* BBW */,
			);
		};
/* End PBXProject section */

/* Begin PBXResourcesBuildPhase section */
		F278C32E2E449B3400A351A1 /* Resources */ = {
			isa = PBXResourcesBuildPhase;
			buildActionMask = 2147483647;
			files = (
				F2D2D1F42E477A6F00334AC2 /* swiftgen.yml in Resources */,
			);
			runOnlyForDeploymentPostprocessing = 0;
		};
/* End PBXResourcesBuildPhase section */

/* Begin PBXShellScriptBuildPhase section */
		F2D2D1FA2E477EAE00334AC2 /* ShellScript */ = {
			isa = PBXShellScriptBuildPhase;
			buildActionMask = 2147483647;
			files = (
			);
			inputFileListPaths = (
			);
			inputPaths = (
			);
			outputFileListPaths = (
			);
			outputPaths = (
			);
			runOnlyForDeploymentPostprocessing = 0;
			shellPath = /bin/sh;
			shellScript = "if [[ -f \"${PODS_ROOT}/SwiftGen/bin/swiftgen\" ]]; then\n  \"${PODS_ROOT}/SwiftGen/bin/swiftgen\" \nelse\n  echo \"warning: SwiftGen is not installed. Run 'pod install --repo-update' to install it.\"\nfi\n\n";
		};
/* End PBXShellScriptBuildPhase section */

/* Begin PBXSourcesBuildPhase section */
		F278C32C2E449B3400A351A1 /* Sources */ = {
			isa = PBXSourcesBuildPhase;
			buildActionMask = 2147483647;
			files = (
			);
			runOnlyForDeploymentPostprocessing = 0;
		};
/* End PBXSourcesBuildPhase section */

/* Begin XCBuildConfiguration section */
		F278C3392E449B3800A351A1 /* Debug */ = {
			isa = XCBuildConfiguration;
			buildSettings = {
				ALWAYS_SEARCH_USER_PATHS = NO;
				ASSETCATALOG_COMPILER_GENERATE_SWIFT_ASSET_SYMBOL_EXTENSIONS = YES;
				CLANG_ANALYZER_NONNULL = YES;
				CLANG_ANALYZER_NUMBER_OBJECT_CONVERSION = YES_AGGRESSIVE;
				CLANG_CXX_LANGUAGE_STANDARD = "gnu++20";
				CLANG_ENABLE_MODULES = YES;
				CLANG_ENABLE_OBJC_ARC = YES;
				CLANG_ENABLE_OBJC_WEAK = YES;
				CLANG_WARN_BLOCK_CAPTURE_AUTORELEASING = YES;
				CLANG_WARN_BOOL_CONVERSION = YES;
				CLANG_WARN_COMMA = YES;
				CLANG_WARN_CONSTANT_CONVERSION = YES;
				CLANG_WARN_DEPRECATED_OBJC_IMPLEMENTATIONS = YES;
				CLANG_WARN_DIRECT_OBJC_ISA_USAGE = YES_ERROR;
				CLANG_WARN_DOCUMENTATION_COMMENTS = YES;
				CLANG_WARN_EMPTY_BODY = YES;
				CLANG_WARN_ENUM_CONVERSION = YES;
				CLANG_WARN_INFINITE_RECURSION = YES;
				CLANG_WARN_INT_CONVERSION = YES;
				CLANG_WARN_NON_LITERAL_NULL_CONVERSION = YES;
				CLANG_WARN_OBJC_IMPLICIT_RETAIN_SELF = YES;
				CLANG_WARN_OBJC_LITERAL_CONVERSION = YES;
				CLANG_WARN_OBJC_ROOT_CLASS = YES_ERROR;
				CLANG_WARN_QUOTED_INCLUDE_IN_FRAMEWORK_HEADER = YES;
				CLANG_WARN_RANGE_LOOP_ANALYSIS = YES;
				CLANG_WARN_STRICT_PROTOTYPES = YES;
				CLANG_WARN_SUSPICIOUS_MOVE = YES;
				CLANG_WARN_UNGUARDED_AVAILABILITY = YES_AGGRESSIVE;
				CLANG_WARN_UNREACHABLE_CODE = YES;
				CLANG_WARN__DUPLICATE_METHOD_MATCH = YES;
				COPY_PHASE_STRIP = NO;
				DEBUG_INFORMATION_FORMAT = dwarf;
				DEVELOPMENT_TEAM = 2465ZH8J2R;
				ENABLE_STRICT_OBJC_MSGSEND = YES;
				ENABLE_TESTABILITY = YES;
				ENABLE_USER_SCRIPT_SANDBOXING = YES;
				GCC_C_LANGUAGE_STANDARD = gnu17;
				GCC_DYNAMIC_NO_PIC = NO;
				GCC_NO_COMMON_BLOCKS = YES;
				GCC_OPTIMIZATION_LEVEL = 0;
				GCC_PREPROCESSOR_DEFINITIONS = (
					"DEBUG=1",
					"$(inherited)",
				);
				GCC_WARN_64_TO_32_BIT_CONVERSION = YES;
				GCC_WARN_ABOUT_RETURN_TYPE = YES_ERROR;
				GCC_WARN_UNDECLARED_SELECTOR = YES;
				GCC_WARN_UNINITIALIZED_AUTOS = YES_AGGRESSIVE;
				GCC_WARN_UNUSED_FUNCTION = YES;
				GCC_WARN_UNUSED_VARIABLE = YES;
				IPHONEOS_DEPLOYMENT_TARGET = 18.5;
				LOCALIZATION_PREFERS_STRING_CATALOGS = YES;
				MTL_ENABLE_DEBUG_INFO = INCLUDE_SOURCE;
				MTL_FAST_MATH = YES;
				ONLY_ACTIVE_ARCH = YES;
				SDKROOT = iphoneos;
				SWIFT_ACTIVE_COMPILATION_CONDITIONS = "DEBUG $(inherited)";
				SWIFT_OPTIMIZATION_LEVEL = "-Onone";
			};
			name = Debug;
		};
		F278C33A2E449B3800A351A1 /* Release */ = {
			isa = XCBuildConfiguration;
			buildSettings = {
				ALWAYS_SEARCH_USER_PATHS = NO;
				ASSETCATALOG_COMPILER_GENERATE_SWIFT_ASSET_SYMBOL_EXTENSIONS = YES;
				CLANG_ANALYZER_NONNULL = YES;
				CLANG_ANALYZER_NUMBER_OBJECT_CONVERSION = YES_AGGRESSIVE;
				CLANG_CXX_LANGUAGE_STANDARD = "gnu++20";
				CLANG_ENABLE_MODULES = YES;
				CLANG_ENABLE_OBJC_ARC = YES;
				CLANG_ENABLE_OBJC_WEAK = YES;
				CLANG_WARN_BLOCK_CAPTURE_AUTORELEASING = YES;
				CLANG_WARN_BOOL_CONVERSION = YES;
				CLANG_WARN_COMMA = YES;
				CLANG_WARN_CONSTANT_CONVERSION = YES;
				CLANG_WARN_DEPRECATED_OBJC_IMPLEMENTATIONS = YES;
				CLANG_WARN_DIRECT_OBJC_ISA_USAGE = YES_ERROR;
				CLANG_WARN_DOCUMENTATION_COMMENTS = YES;
				CLANG_WARN_EMPTY_BODY = YES;
				CLANG_WARN_ENUM_CONVERSION = YES;
				CLANG_WARN_INFINITE_RECURSION = YES;
				CLANG_WARN_INT_CONVERSION = YES;
				CLANG_WARN_NON_LITERAL_NULL_CONVERSION = YES;
				CLANG_WARN_OBJC_IMPLICIT_RETAIN_SELF = YES;
				CLANG_WARN_OBJC_LITERAL_CONVERSION = YES;
				CLANG_WARN_OBJC_ROOT_CLASS = YES_ERROR;
				CLANG_WARN_QUOTED_INCLUDE_IN_FRAMEWORK_HEADER = YES;
				CLANG_WARN_RANGE_LOOP_ANALYSIS = YES;
				CLANG_WARN_STRICT_PROTOTYPES = YES;
				CLANG_WARN_SUSPICIOUS_MOVE = YES;
				CLANG_WARN_UNGUARDED_AVAILABILITY = YES_AGGRESSIVE;
				CLANG_WARN_UNREACHABLE_CODE = YES;
				CLANG_WARN__DUPLICATE_METHOD_MATCH = YES;
				COPY_PHASE_STRIP = NO;
				DEBUG_INFORMATION_FORMAT = "dwarf-with-dsym";
				DEVELOPMENT_TEAM = 2465ZH8J2R;
				ENABLE_NS_ASSERTIONS = NO;
				ENABLE_STRICT_OBJC_MSGSEND = YES;
				ENABLE_USER_SCRIPT_SANDBOXING = YES;
				GCC_C_LANGUAGE_STANDARD = gnu17;
				GCC_NO_COMMON_BLOCKS = YES;
				GCC_WARN_64_TO_32_BIT_CONVERSION = YES;
				GCC_WARN_ABOUT_RETURN_TYPE = YES_ERROR;
				GCC_WARN_UNDECLARED_SELECTOR = YES;
				GCC_WARN_UNINITIALIZED_AUTOS = YES_AGGRESSIVE;
				GCC_WARN_UNUSED_FUNCTION = YES;
				GCC_WARN_UNUSED_VARIABLE = YES;
				IPHONEOS_DEPLOYMENT_TARGET = 18.5;
				LOCALIZATION_PREFERS_STRING_CATALOGS = YES;
				MTL_ENABLE_DEBUG_INFO = NO;
				MTL_FAST_MATH = YES;
				SDKROOT = iphoneos;
				SWIFT_COMPILATION_MODE = wholemodule;
				VALIDATE_PRODUCT = YES;
			};
			name = Release;
		};
		F278C33C2E449B3800A351A1 /* Debug */ = {
			isa = XCBuildConfiguration;
			buildSettings = {
				ASSETCATALOG_COMPILER_APPICON_NAME = AppIcon;
				ASSETCATALOG_COMPILER_GLOBAL_ACCENT_COLOR_NAME = AccentColor;
				CODE_SIGN_STYLE = Automatic;
				CURRENT_PROJECT_VERSION = 1;
				DEVELOPMENT_TEAM = 2465ZH8J2R;
				ENABLE_PREVIEWS = YES;
				GENERATE_INFOPLIST_FILE = YES;
				INFOPLIST_KEY_UIApplicationSceneManifest_Generation = YES;
				INFOPLIST_KEY_UIApplicationSupportsIndirectInputEvents = YES;
				INFOPLIST_KEY_UILaunchScreen_Generation = YES;
				INFOPLIST_KEY_UISupportedInterfaceOrientations = UIInterfaceOrientationPortrait;
				IPHONEOS_DEPLOYMENT_TARGET = 16.0;
				LD_RUNPATH_SEARCH_PATHS = (
					"$(inherited)",
					"@executable_path/Frameworks",
				);
				MARKETING_VERSION = 1.0;
				PRODUCT_BUNDLE_IDENTIFIER = by.kseniyasmirnova.BBW;
				PRODUCT_NAME = "$(TARGET_NAME)";
				SUPPORTED_PLATFORMS = "iphoneos iphonesimulator";
				SUPPORTS_MACCATALYST = NO;
				SUPPORTS_MAC_DESIGNED_FOR_IPHONE_IPAD = NO;
				SUPPORTS_XR_DESIGNED_FOR_IPHONE_IPAD = NO;
				SWIFT_EMIT_LOC_STRINGS = YES;
				SWIFT_VERSION = 5.0;
				TARGETED_DEVICE_FAMILY = 1;
			};
			name = Debug;
		};
		F278C33D2E449B3800A351A1 /* Release */ = {
			isa = XCBuildConfiguration;
			buildSettings = {
				ASSETCATALOG_COMPILER_APPICON_NAME = AppIcon;
				ASSETCATALOG_COMPILER_GLOBAL_ACCENT_COLOR_NAME = AccentColor;
				CODE_SIGN_STYLE = Automatic;
				CURRENT_PROJECT_VERSION = 1;
				DEVELOPMENT_TEAM = 2465ZH8J2R;
				ENABLE_PREVIEWS = YES;
				GENERATE_INFOPLIST_FILE = YES;
				INFOPLIST_KEY_UIApplicationSceneManifest_Generation = YES;
				INFOPLIST_KEY_UIApplicationSupportsIndirectInputEvents = YES;
				INFOPLIST_KEY_UILaunchScreen_Generation = YES;
				INFOPLIST_KEY_UISupportedInterfaceOrientations = UIInterfaceOrientationPortrait;
				IPHONEOS_DEPLOYMENT_TARGET = 16.0;
				LD_RUNPATH_SEARCH_PATHS = (
					"$(inherited)",
					"@executable_path/Frameworks",
				);
				MARKETING_VERSION = 1.0;
				PRODUCT_BUNDLE_IDENTIFIER = by.kseniyasmirnova.BBW;
				PRODUCT_NAME = "$(TARGET_NAME)";
				SUPPORTED_PLATFORMS = "iphoneos iphonesimulator";
				SUPPORTS_MACCATALYST = NO;
				SUPPORTS_MAC_DESIGNED_FOR_IPHONE_IPAD = NO;
				SUPPORTS_XR_DESIGNED_FOR_IPHONE_IPAD = NO;
				SWIFT_EMIT_LOC_STRINGS = YES;
				SWIFT_VERSION = 5.0;
				TARGETED_DEVICE_FAMILY = 1;
			};
			name = Release;
		};
/* End XCBuildConfiguration section */

/* Begin XCConfigurationList section */
		F278C32B2E449B3400A351A1 /* Build configuration list for PBXProject "BBW" */ = {
			isa = XCConfigurationList;
			buildConfigurations = (
				F278C3392E449B3800A351A1 /* Debug */,
				F278C33A2E449B3800A351A1 /* Release */,
			);
			defaultConfigurationIsVisible = 0;
			defaultConfigurationName = Release;
		};
		F278C33B2E449B3800A351A1 /* Build configuration list for PBXNativeTarget "BBW" */ = {
			isa = XCConfigurationList;
			buildConfigurations = (
				F278C33C2E449B3800A351A1 /* Debug */,
				F278C33D2E449B3800A351A1 /* Release */,
			);
			defaultConfigurationIsVisible = 0;
			defaultConfigurationName = Release;
		};
/* End XCConfigurationList section */

/* Begin XCRemoteSwiftPackageReference section */
		F26160952E49192A00EBE138 /* XCRemoteSwiftPackageReference "VisualEffectView" */ = {
			isa = XCRemoteSwiftPackageReference;
			repositoryURL = "https://github.com/efremidze/VisualEffectView";
			requirement = {
				kind = upToNextMajorVersion;
				minimumVersion = 5.0.3;
			};
		};
		F2AFDFDF2E4CC0D6006CEC38 /* XCRemoteSwiftPackageReference "SwiftyStoreKit" */ = {
			isa = XCRemoteSwiftPackageReference;
			repositoryURL = "https://github.com/bizz84/SwiftyStoreKit";
			requirement = {
				kind = upToNextMajorVersion;
				minimumVersion = 0.16.4;
			};
		};
/* End XCRemoteSwiftPackageReference section */

/* Begin XCSwiftPackageProductDependency section */
		F20412F22E44A0310068B8AE /* RouterModifier */ = {
			isa = XCSwiftPackageProductDependency;
			productName = RouterModifier;
		};
		F2615FBD2E49016C00EBE138 /* VisualEffectView */ = {
			isa = XCSwiftPackageProductDependency;
			productName = VisualEffectView;
		};
		F26160962E49192A00EBE138 /* VisualEffectView */ = {
			isa = XCSwiftPackageProductDependency;
			package = F26160952E49192A00EBE138 /* XCRemoteSwiftPackageReference "VisualEffectView" */;
			productName = VisualEffectView;
		};
		F2AFDFE02E4CC0D6006CEC38 /* SwiftyStoreKit */ = {
			isa = XCSwiftPackageProductDependency;
			package = F2AFDFDF2E4CC0D6006CEC38 /* XCRemoteSwiftPackageReference "SwiftyStoreKit" */;
			productName = SwiftyStoreKit;
		};
/* End XCSwiftPackageProductDependency section */
	};
	rootObject = F278C3282E449B3400A351A1 /* Project object */;
}
