{
  "pins" : [
    {
      "identity" : "swiftystorekit",
      "kind" : "remoteSourceControl",
      "location" : "https://github.com/bizz84/SwiftyStoreKit",
      "state" : {
        "revision" : "9ce911639680113dac9b554d6243e406a9758ebe",
        "version" : "0.16.4"
      }
    },
    {
      "identity" : "visualeffectview",
      "kind" : "remoteSourceControl",
      "location" : "https://github.com/efremidze/VisualEffectView",
      "state" : {
        "revision" : "2cd639ca3ffe7ec37d63ddb94aaad71d9701985a",
        "version" : "5.0.6"
      }
    }
  ],
  "version" : 2
}
